// !$*UTF8*$!
{
	archiveVersion = 1;
	classes = {
	};
	objectVersion = 50;
	objects = {

/* Begin PBXBuildFile section */
		2830190326C284100034421C /* FollowerCell.swift in Sources */ = {isa = PBXBuildFile; fileRef = 2830190226C284100034421C /* FollowerCell.swift */; };
		2830190526C284870034421C /* GFAvatarImageView.swift in Sources */ = {isa = PBXBuildFile; fileRef = 2830190426C284870034421C /* GFAvatarImageView.swift */; };
		2842130026D7866E00CAC8DA /* PersistanceManager.swift in Sources */ = {isa = PBXBuildFile; fileRef = 284212FF26D7866E00CAC8DA /* PersistanceManager.swift */; };
		285D5CB326C66D5F0026BAFF /* GFItemInfoView.swift in Sources */ = {isa = PBXBuildFile; fileRef = 285D5CB226C66D5F0026BAFF /* GFItemInfoView.swift */; };
		285D5CB526C670C70026BAFF /* SFSymbols.swift in Sources */ = {isa = PBXBuildFile; fileRef = 285D5CB426C670C70026BAFF /* SFSymbols.swift */; };
		285D5CB726C67F360026BAFF /* GFItemInfoVC.swift in Sources */ = {isa = PBXBuildFile; fileRef = 285D5CB626C67F360026BAFF /* GFItemInfoVC.swift */; };
		285D5CB926C6829F0026BAFF /* GFReportInfoVC.swift in Sources */ = {isa = PBXBuildFile; fileRef = 285D5CB826C6829F0026BAFF /* GFReportInfoVC.swift */; };
		285D5CBB26C685EC0026BAFF /* GFFollowerItemVC.swift in Sources */ = {isa = PBXBuildFile; fileRef = 285D5CBA26C685EC0026BAFF /* GFFollowerItemVC.swift */; };
		285D5CBE26C691960026BAFF /* Dates+Ext.swift in Sources */ = {isa = PBXBuildFile; fileRef = 285D5CBD26C691960026BAFF /* Dates+Ext.swift */; };
		285D5CC026C691C90026BAFF /* String+Ext.swift in Sources */ = {isa = PBXBuildFile; fileRef = 285D5CBF26C691C90026BAFF /* String+Ext.swift */; };
		28603E4826FB81FA00CF0AB2 /* GFTabBarController.swift in Sources */ = {isa = PBXBuildFile; fileRef = 28603E4726FB81FA00CF0AB2 /* GFTabBarController.swift */; };
		28724A0726C4FEE800145425 /* GFError.swift in Sources */ = {isa = PBXBuildFile; fileRef = 28724A0626C4FEE800145425 /* GFError.swift */; };
		28724A0926C5078E00145425 /* GFUserInforHeaderVC.swift in Sources */ = {isa = PBXBuildFile; fileRef = 28724A0826C5078E00145425 /* GFUserInforHeaderVC.swift */; };
		28724A0B26C5084000145425 /* GFSecondaryTitleLabel.swift in Sources */ = {isa = PBXBuildFile; fileRef = 28724A0A26C5084000145425 /* GFSecondaryTitleLabel.swift */; };
		28A5B0E326A690CC00068892 /* AppDelegate.swift in Sources */ = {isa = PBXBuildFile; fileRef = 28A5B0E226A690CC00068892 /* AppDelegate.swift */; };
		28A5B0E526A690CC00068892 /* SceneDelegate.swift in Sources */ = {isa = PBXBuildFile; fileRef = 28A5B0E426A690CC00068892 /* SceneDelegate.swift */; };
		28A5B0E726A690CC00068892 /* SearchVC.swift in Sources */ = {isa = PBXBuildFile; fileRef = 28A5B0E626A690CC00068892 /* SearchVC.swift */; };
		28A5B0EC26A690CF00068892 /* Assets.xcassets in Resources */ = {isa = PBXBuildFile; fileRef = 28A5B0EB26A690CF00068892 /* Assets.xcassets */; };
		28A5B0EF26A690CF00068892 /* LaunchScreen.storyboard in Resources */ = {isa = PBXBuildFile; fileRef = 28A5B0ED26A690CF00068892 /* LaunchScreen.storyboard */; };
		28A5B0F726A6A2E100068892 /* FavoritesVC.swift in Sources */ = {isa = PBXBuildFile; fileRef = 28A5B0F626A6A2E100068892 /* FavoritesVC.swift */; };
		28A5B0F926A6B9EC00068892 /* GFButton.swift in Sources */ = {isa = PBXBuildFile; fileRef = 28A5B0F826A6B9EC00068892 /* GFButton.swift */; };
		28A5B0FB26A6BECB00068892 /* GFTextfield.swift in Sources */ = {isa = PBXBuildFile; fileRef = 28A5B0FA26A6BECB00068892 /* GFTextfield.swift */; };
		28A5B0FD26A6CE2300068892 /* FollowerListVC.swift in Sources */ = {isa = PBXBuildFile; fileRef = 28A5B0FC26A6CE2300068892 /* FollowerListVC.swift */; };
		28A5B0FF26A6DDA400068892 /* GFTitleLabel.swift in Sources */ = {isa = PBXBuildFile; fileRef = 28A5B0FE26A6DDA400068892 /* GFTitleLabel.swift */; };
		28A5B10126A6DEB000068892 /* GFBodyLabel.swift in Sources */ = {isa = PBXBuildFile; fileRef = 28A5B10026A6DEB000068892 /* GFBodyLabel.swift */; };
		28A5B10326A6DF7600068892 /* GFAlertVC.swift in Sources */ = {isa = PBXBuildFile; fileRef = 28A5B10226A6DF7600068892 /* GFAlertVC.swift */; };
		28A5B10526A7D71F00068892 /* UIViewController+Ext.swift in Sources */ = {isa = PBXBuildFile; fileRef = 28A5B10426A7D71F00068892 /* UIViewController+Ext.swift */; };
		28C4763826D7D19D0049F646 /* FavoriteCell.swift in Sources */ = {isa = PBXBuildFile; fileRef = 28C4763726D7D19D0049F646 /* FavoriteCell.swift */; };
		28D9923026C12AAE000BEAE5 /* NetworkManager.swift in Sources */ = {isa = PBXBuildFile; fileRef = 28D9922F26C12AAE000BEAE5 /* NetworkManager.swift */; };
		28D9923326C12C1F000BEAE5 /* Follower.swift in Sources */ = {isa = PBXBuildFile; fileRef = 28D9923226C12C1F000BEAE5 /* Follower.swift */; };
		28D9923526C12D2A000BEAE5 /* User.swift in Sources */ = {isa = PBXBuildFile; fileRef = 28D9923426C12D2A000BEAE5 /* User.swift */; };
		28D9923926C155B3000BEAE5 /* ErrorMessages.swift in Sources */ = {isa = PBXBuildFile; fileRef = 28D9923826C155B3000BEAE5 /* ErrorMessages.swift */; };
		28ED96C026C40F7D0013E2E9 /* GFEmtyState.swift in Sources */ = {isa = PBXBuildFile; fileRef = 28ED96BF26C40F7D0013E2E9 /* GFEmtyState.swift */; };
		28ED96C226C4F0F60013E2E9 /* UserInfoVC.swift in Sources */ = {isa = PBXBuildFile; fileRef = 28ED96C126C4F0F60013E2E9 /* UserInfoVC.swift */; };
/* End PBXBuildFile section */

/* Begin PBXFileReference section */
		2830190226C284100034421C /* FollowerCell.swift */ = {isa = PBXFileReference; lastKnownFileType = sourcecode.swift; path = FollowerCell.swift; sourceTree = "<group>"; };
		2830190426C284870034421C /* GFAvatarImageView.swift */ = {isa = PBXFileReference; lastKnownFileType = sourcecode.swift; path = GFAvatarImageView.swift; sourceTree = "<group>"; };
		284212FF26D7866E00CAC8DA /* PersistanceManager.swift */ = {isa = PBXFileReference; lastKnownFileType = sourcecode.swift; path = PersistanceManager.swift; sourceTree = "<group>"; };
		285D5CB226C66D5F0026BAFF /* GFItemInfoView.swift */ = {isa = PBXFileReference; lastKnownFileType = sourcecode.swift; path = GFItemInfoView.swift; sourceTree = "<group>"; };
		285D5CB426C670C70026BAFF /* SFSymbols.swift */ = {isa = PBXFileReference; lastKnownFileType = sourcecode.swift; path = SFSymbols.swift; sourceTree = "<group>"; };
		285D5CB626C67F360026BAFF /* GFItemInfoVC.swift */ = {isa = PBXFileReference; lastKnownFileType = sourcecode.swift; path = GFItemInfoVC.swift; sourceTree = "<group>"; };
		285D5CB826C6829F0026BAFF /* GFReportInfoVC.swift */ = {isa = PBXFileReference; lastKnownFileType = sourcecode.swift; path = GFReportInfoVC.swift; sourceTree = "<group>"; };
		285D5CBA26C685EC0026BAFF /* GFFollowerItemVC.swift */ = {isa = PBXFileReference; lastKnownFileType = sourcecode.swift; path = GFFollowerItemVC.swift; sourceTree = "<group>"; };
		285D5CBD26C691960026BAFF /* Dates+Ext.swift */ = {isa = PBXFileReference; lastKnownFileType = sourcecode.swift; path = "Dates+Ext.swift"; sourceTree = "<group>"; };
		285D5CBF26C691C90026BAFF /* String+Ext.swift */ = {isa = PBXFileReference; lastKnownFileType = sourcecode.swift; path = "String+Ext.swift"; sourceTree = "<group>"; };
		28603E4726FB81FA00CF0AB2 /* GFTabBarController.swift */ = {isa = PBXFileReference; lastKnownFileType = sourcecode.swift; path = GFTabBarController.swift; sourceTree = "<group>"; };
		28724A0626C4FEE800145425 /* GFError.swift */ = {isa = PBXFileReference; lastKnownFileType = sourcecode.swift; path = GFError.swift; sourceTree = "<group>"; };
		28724A0826C5078E00145425 /* GFUserInforHeaderVC.swift */ = {isa = PBXFileReference; lastKnownFileType = sourcecode.swift; path = GFUserInforHeaderVC.swift; sourceTree = "<group>"; };
		28724A0A26C5084000145425 /* GFSecondaryTitleLabel.swift */ = {isa = PBXFileReference; lastKnownFileType = sourcecode.swift; path = GFSecondaryTitleLabel.swift; sourceTree = "<group>"; };
		28A5B0DF26A690CC00068892 /* Git_July.app */ = {isa = PBXFileReference; explicitFileType = wrapper.application; includeInIndex = 0; path = Git_July.app; sourceTree = BUILT_PRODUCTS_DIR; };
		28A5B0E226A690CC00068892 /* AppDelegate.swift */ = {isa = PBXFileReference; lastKnownFileType = sourcecode.swift; path = AppDelegate.swift; sourceTree = "<group>"; };
		28A5B0E426A690CC00068892 /* SceneDelegate.swift */ = {isa = PBXFileReference; lastKnownFileType = sourcecode.swift; path = SceneDelegate.swift; sourceTree = "<group>"; };
		28A5B0E626A690CC00068892 /* SearchVC.swift */ = {isa = PBXFileReference; lastKnownFileType = sourcecode.swift; path = SearchVC.swift; sourceTree = "<group>"; };
		28A5B0EB26A690CF00068892 /* Assets.xcassets */ = {isa = PBXFileReference; lastKnownFileType = folder.assetcatalog; path = Assets.xcassets; sourceTree = "<group>"; };
		28A5B0EE26A690CF00068892 /* Base */ = {isa = PBXFileReference; lastKnownFileType = file.storyboard; name = Base; path = Base.lproj/LaunchScreen.storyboard; sourceTree = "<group>"; };
		28A5B0F026A690CF00068892 /* Info.plist */ = {isa = PBXFileReference; lastKnownFileType = text.plist.xml; path = Info.plist; sourceTree = "<group>"; };
		28A5B0F626A6A2E100068892 /* FavoritesVC.swift */ = {isa = PBXFileReference; lastKnownFileType = sourcecode.swift; path = FavoritesVC.swift; sourceTree = "<group>"; };
		28A5B0F826A6B9EC00068892 /* GFButton.swift */ = {isa = PBXFileReference; lastKnownFileType = sourcecode.swift; path = GFButton.swift; sourceTree = "<group>"; };
		28A5B0FA26A6BECB00068892 /* GFTextfield.swift */ = {isa = PBXFileReference; lastKnownFileType = sourcecode.swift; path = GFTextfield.swift; sourceTree = "<group>"; };
		28A5B0FC26A6CE2300068892 /* FollowerListVC.swift */ = {isa = PBXFileReference; lastKnownFileType = sourcecode.swift; path = FollowerListVC.swift; sourceTree = "<group>"; };
		28A5B0FE26A6DDA400068892 /* GFTitleLabel.swift */ = {isa = PBXFileReference; lastKnownFileType = sourcecode.swift; path = GFTitleLabel.swift; sourceTree = "<group>"; };
		28A5B10026A6DEB000068892 /* GFBodyLabel.swift */ = {isa = PBXFileReference; lastKnownFileType = sourcecode.swift; path = GFBodyLabel.swift; sourceTree = "<group>"; };
		28A5B10226A6DF7600068892 /* GFAlertVC.swift */ = {isa = PBXFileReference; lastKnownFileType = sourcecode.swift; path = GFAlertVC.swift; sourceTree = "<group>"; };
		28A5B10426A7D71F00068892 /* UIViewController+Ext.swift */ = {isa = PBXFileReference; lastKnownFileType = sourcecode.swift; path = "UIViewController+Ext.swift"; sourceTree = "<group>"; };
		28C4763726D7D19D0049F646 /* FavoriteCell.swift */ = {isa = PBXFileReference; lastKnownFileType = sourcecode.swift; path = FavoriteCell.swift; sourceTree = "<group>"; };
		28D9922F26C12AAE000BEAE5 /* NetworkManager.swift */ = {isa = PBXFileReference; lastKnownFileType = sourcecode.swift; path = NetworkManager.swift; sourceTree = "<group>"; };
		28D9923226C12C1F000BEAE5 /* Follower.swift */ = {isa = PBXFileReference; lastKnownFileType = sourcecode.swift; path = Follower.swift; sourceTree = "<group>"; };
		28D9923426C12D2A000BEAE5 /* User.swift */ = {isa = PBXFileReference; lastKnownFileType = sourcecode.swift; path = User.swift; sourceTree = "<group>"; };
		28D9923826C155B3000BEAE5 /* ErrorMessages.swift */ = {isa = PBXFileReference; lastKnownFileType = sourcecode.swift; path = ErrorMessages.swift; sourceTree = "<group>"; };
		28ED96BF26C40F7D0013E2E9 /* GFEmtyState.swift */ = {isa = PBXFileReference; lastKnownFileType = sourcecode.swift; path = GFEmtyState.swift; sourceTree = "<group>"; };
		28ED96C126C4F0F60013E2E9 /* UserInfoVC.swift */ = {isa = PBXFileReference; lastKnownFileType = sourcecode.swift; path = UserInfoVC.swift; sourceTree = "<group>"; };
/* End PBXFileReference section */

/* Begin PBXFrameworksBuildPhase section */
		28A5B0DC26A690CC00068892 /* Frameworks */ = {
			isa = PBXFrameworksBuildPhase;
			buildActionMask = 2147483647;
			files = (
			);
			runOnlyForDeploymentPostprocessing = 0;
		};
/* End PBXFrameworksBuildPhase section */

/* Begin PBXGroup section */
		2830190126C283DF0034421C /* Cells */ = {
			isa = PBXGroup;
			children = (
				2830190226C284100034421C /* FollowerCell.swift */,
				28C4763726D7D19D0049F646 /* FavoriteCell.swift */,
			);
			path = Cells;
			sourceTree = "<group>";
		};
		28371B5826A86CC9006FC141 /* Screens */ = {
			isa = PBXGroup;
			children = (
				28A5B0E626A690CC00068892 /* SearchVC.swift */,
				28A5B0F626A6A2E100068892 /* FavoritesVC.swift */,
				28A5B0FC26A6CE2300068892 /* FollowerListVC.swift */,
				28ED96C126C4F0F60013E2E9 /* UserInfoVC.swift */,
			);
			path = Screens;
			sourceTree = "<group>";
		};
		285D5CBC26C686600026BAFF /* ItemInfoVCs */ = {
			isa = PBXGroup;
			children = (
				285D5CB626C67F360026BAFF /* GFItemInfoVC.swift */,
				285D5CB826C6829F0026BAFF /* GFReportInfoVC.swift */,
				285D5CBA26C685EC0026BAFF /* GFFollowerItemVC.swift */,
			);
			path = ItemInfoVCs;
			sourceTree = "<group>";
		};
		28603E4326FB819100CF0AB2 /* TabBars */ = {
			isa = PBXGroup;
			children = (
				28603E4726FB81FA00CF0AB2 /* GFTabBarController.swift */,
			);
			path = TabBars;
			sourceTree = "<group>";
		};
		28A5B0D626A690CC00068892 = {
			isa = PBXGroup;
			children = (
				28A5B0E126A690CC00068892 /* Git_July */,
				28A5B0E026A690CC00068892 /* Products */,
			);
			sourceTree = "<group>";
		};
		28A5B0E026A690CC00068892 /* Products */ = {
			isa = PBXGroup;
			children = (
				28A5B0DF26A690CC00068892 /* Git_July.app */,
			);
			name = Products;
			sourceTree = "<group>";
		};
		28A5B0E126A690CC00068892 /* Git_July */ = {
			isa = PBXGroup;
			children = (
				28D9923726C15583000BEAE5 /* Utilities */,
				28D9923626C12F75000BEAE5 /* Managers */,
				28D9923126C12C11000BEAE5 /* Model */,
				28D9922E26C126A5000BEAE5 /* Support */,
				28D9922D26C12645000BEAE5 /* Extentsions */,
				28D9922C26C12610000BEAE5 /* Custom Views */,
				28371B5826A86CC9006FC141 /* Screens */,
				28A5B0F026A690CF00068892 /* Info.plist */,
			);
			path = Git_July;
			sourceTree = "<group>";
		};
		28D9922C26C12610000BEAE5 /* Custom Views */ = {
			isa = PBXGroup;
			children = (
				28603E4326FB819100CF0AB2 /* TabBars */,
				28ED96BE26C40F250013E2E9 /* ImageViews */,
				28ED96BD26C40F1B0013E2E9 /* ViewControllers */,
				28ED96BC26C40F130013E2E9 /* Labels */,
				28ED96BB26C40E9C0013E2E9 /* TextFields */,
				28ED96BA26C40E950013E2E9 /* Buttons */,
				28ED96B926C40E8A0013E2E9 /* Views */,
				2830190126C283DF0034421C /* Cells */,
			);
			path = "Custom Views";
			sourceTree = "<group>";
		};
		28D9922D26C12645000BEAE5 /* Extentsions */ = {
			isa = PBXGroup;
			children = (
				28A5B10426A7D71F00068892 /* UIViewController+Ext.swift */,
				285D5CBD26C691960026BAFF /* Dates+Ext.swift */,
				285D5CBF26C691C90026BAFF /* String+Ext.swift */,
			);
			path = Extentsions;
			sourceTree = "<group>";
		};
		28D9922E26C126A5000BEAE5 /* Support */ = {
			isa = PBXGroup;
			children = (
				28A5B0E226A690CC00068892 /* AppDelegate.swift */,
				28A5B0E426A690CC00068892 /* SceneDelegate.swift */,
				28A5B0EB26A690CF00068892 /* Assets.xcassets */,
				28A5B0ED26A690CF00068892 /* LaunchScreen.storyboard */,
			);
			path = Support;
			sourceTree = "<group>";
		};
		28D9923126C12C11000BEAE5 /* Model */ = {
			isa = PBXGroup;
			children = (
				28D9923226C12C1F000BEAE5 /* Follower.swift */,
				28D9923426C12D2A000BEAE5 /* User.swift */,
			);
			path = Model;
			sourceTree = "<group>";
		};
		28D9923626C12F75000BEAE5 /* Managers */ = {
			isa = PBXGroup;
			children = (
				28D9922F26C12AAE000BEAE5 /* NetworkManager.swift */,
				284212FF26D7866E00CAC8DA /* PersistanceManager.swift */,
			);
			path = Managers;
			sourceTree = "<group>";
		};
		28D9923726C15583000BEAE5 /* Utilities */ = {
			isa = PBXGroup;
			children = (
				28D9923826C155B3000BEAE5 /* ErrorMessages.swift */,
				28724A0626C4FEE800145425 /* GFError.swift */,
				285D5CB426C670C70026BAFF /* SFSymbols.swift */,
			);
			path = Utilities;
			sourceTree = "<group>";
		};
		28ED96B926C40E8A0013E2E9 /* Views */ = {
			isa = PBXGroup;
			children = (
				28ED96BF26C40F7D0013E2E9 /* GFEmtyState.swift */,
				285D5CB226C66D5F0026BAFF /* GFItemInfoView.swift */,
			);
			path = Views;
			sourceTree = "<group>";
		};
		28ED96BA26C40E950013E2E9 /* Buttons */ = {
			isa = PBXGroup;
			children = (
				28A5B0F826A6B9EC00068892 /* GFButton.swift */,
			);
			path = Buttons;
			sourceTree = "<group>";
		};
		28ED96BB26C40E9C0013E2E9 /* TextFields */ = {
			isa = PBXGroup;
			children = (
				28A5B0FA26A6BECB00068892 /* GFTextfield.swift */,
			);
			path = TextFields;
			sourceTree = "<group>";
		};
		28ED96BC26C40F130013E2E9 /* Labels */ = {
			isa = PBXGroup;
			children = (
				28A5B0FE26A6DDA400068892 /* GFTitleLabel.swift */,
				28A5B10026A6DEB000068892 /* GFBodyLabel.swift */,
				28724A0A26C5084000145425 /* GFSecondaryTitleLabel.swift */,
			);
			path = Labels;
			sourceTree = "<group>";
		};
		28ED96BD26C40F1B0013E2E9 /* ViewControllers */ = {
			isa = PBXGroup;
			children = (
				285D5CBC26C686600026BAFF /* ItemInfoVCs */,
				28A5B10226A6DF7600068892 /* GFAlertVC.swift */,
				28724A0826C5078E00145425 /* GFUserInforHeaderVC.swift */,
			);
			path = ViewControllers;
			sourceTree = "<group>";
		};
		28ED96BE26C40F250013E2E9 /* ImageViews */ = {
			isa = PBXGroup;
			children = (
				2830190426C284870034421C /* GFAvatarImageView.swift */,
			);
			path = ImageViews;
			sourceTree = "<group>";
		};
/* End PBXGroup section */

/* Begin PBXNativeTarget section */
		28A5B0DE26A690CC00068892 /* Git_July */ = {
			isa = PBXNativeTarget;
			buildConfigurationList = 28A5B0F326A690CF00068892 /* Build configuration list for PBXNativeTarget "Git_July" */;
			buildPhases = (
				28A5B0DB26A690CC00068892 /* Sources */,
				28A5B0DC26A690CC00068892 /* Frameworks */,
				28A5B0DD26A690CC00068892 /* Resources */,
			);
			buildRules = (
			);
			dependencies = (
			);
			name = Git_July;
			productName = Git_July;
			productReference = 28A5B0DF26A690CC00068892 /* Git_July.app */;
			productType = "com.apple.product-type.application";
		};
/* End PBXNativeTarget section */

/* Begin PBXProject section */
		28A5B0D726A690CC00068892 /* Project object */ = {
			isa = PBXProject;
			attributes = {
				LastSwiftUpdateCheck = 1160;
				LastUpgradeCheck = 1250;
				ORGANIZATIONNAME = "Abdusalom Hojiev";
				TargetAttributes = {
					28A5B0DE26A690CC00068892 = {
						CreatedOnToolsVersion = 11.6;
					};
				};
			};
			buildConfigurationList = 28A5B0DA26A690CC00068892 /* Build configuration list for PBXProject "Git_July" */;
			compatibilityVersion = "Xcode 9.3";
			developmentRegion = en;
			hasScannedForEncodings = 0;
			knownRegions = (
				en,
				Base,
			);
			mainGroup = 28A5B0D626A690CC00068892;
			productRefGroup = 28A5B0E026A690CC00068892 /* Products */;
			projectDirPath = "";
			projectRoot = "";
			targets = (
				28A5B0DE26A690CC00068892 /* Git_July */,
			);
		};
/* End PBXProject section */

/* Begin PBXResourcesBuildPhase section */
		28A5B0DD26A690CC00068892 /* Resources */ = {
			isa = PBXResourcesBuildPhase;
			buildActionMask = 2147483647;
			files = (
				28A5B0EF26A690CF00068892 /* LaunchScreen.storyboard in Resources */,
				28A5B0EC26A690CF00068892 /* Assets.xcassets in Resources */,
			);
			runOnlyForDeploymentPostprocessing = 0;
		};
/* End PBXResourcesBuildPhase section */

/* Begin PBXSourcesBuildPhase section */
		28A5B0DB26A690CC00068892 /* Sources */ = {
			isa = PBXSourcesBuildPhase;
			buildActionMask = 2147483647;
			files = (
				28D9923026C12AAE000BEAE5 /* NetworkManager.swift in Sources */,
				28A5B0FB26A6BECB00068892 /* GFTextfield.swift in Sources */,
				285D5CB326C66D5F0026BAFF /* GFItemInfoView.swift in Sources */,
				285D5CC026C691C90026BAFF /* String+Ext.swift in Sources */,
				28A5B0E726A690CC00068892 /* SearchVC.swift in Sources */,
				28A5B0F926A6B9EC00068892 /* GFButton.swift in Sources */,
				28724A0926C5078E00145425 /* GFUserInforHeaderVC.swift in Sources */,
				285D5CB726C67F360026BAFF /* GFItemInfoVC.swift in Sources */,
				28A5B10526A7D71F00068892 /* UIViewController+Ext.swift in Sources */,
				2830190526C284870034421C /* GFAvatarImageView.swift in Sources */,
				285D5CB926C6829F0026BAFF /* GFReportInfoVC.swift in Sources */,
				28A5B0E326A690CC00068892 /* AppDelegate.swift in Sources */,
				285D5CBE26C691960026BAFF /* Dates+Ext.swift in Sources */,
				285D5CBB26C685EC0026BAFF /* GFFollowerItemVC.swift in Sources */,
				28C4763826D7D19D0049F646 /* FavoriteCell.swift in Sources */,
				28D9923526C12D2A000BEAE5 /* User.swift in Sources */,
				28603E4826FB81FA00CF0AB2 /* GFTabBarController.swift in Sources */,
				2842130026D7866E00CAC8DA /* PersistanceManager.swift in Sources */,
				2830190326C284100034421C /* FollowerCell.swift in Sources */,
				28A5B10326A6DF7600068892 /* GFAlertVC.swift in Sources */,
				28ED96C026C40F7D0013E2E9 /* GFEmtyState.swift in Sources */,
				28724A0726C4FEE800145425 /* GFError.swift in Sources */,
				28D9923926C155B3000BEAE5 /* ErrorMessages.swift in Sources */,
				28D9923326C12C1F000BEAE5 /* Follower.swift in Sources */,
				28724A0B26C5084000145425 /* GFSecondaryTitleLabel.swift in Sources */,
				28A5B10126A6DEB000068892 /* GFBodyLabel.swift in Sources */,
				28A5B0FF26A6DDA400068892 /* GFTitleLabel.swift in Sources */,
				28A5B0FD26A6CE2300068892 /* FollowerListVC.swift in Sources */,
				285D5CB526C670C70026BAFF /* SFSymbols.swift in Sources */,
				28A5B0F726A6A2E100068892 /* FavoritesVC.swift in Sources */,
				28A5B0E526A690CC00068892 /* SceneDelegate.swift in Sources */,
				28ED96C226C4F0F60013E2E9 /* UserInfoVC.swift in Sources */,
			);
			runOnlyForDeploymentPostprocessing = 0;
		};
/* End PBXSourcesBuildPhase section */

/* Begin PBXVariantGroup section */
		28A5B0ED26A690CF00068892 /* LaunchScreen.storyboard */ = {
			isa = PBXVariantGroup;
			children = (
				28A5B0EE26A690CF00068892 /* Base */,
			);
			name = LaunchScreen.storyboard;
			sourceTree = "<group>";
		};
/* End PBXVariantGroup section */

/* Begin XCBuildConfiguration section */
		28A5B0F126A690CF00068892 /* Debug */ = {
			isa = XCBuildConfiguration;
			buildSettings = {
				ALWAYS_SEARCH_USER_PATHS = NO;
				CLANG_ANALYZER_NONNULL = YES;
				CLANG_ANALYZER_NUMBER_OBJECT_CONVERSION = YES_AGGRESSIVE;
				CLANG_CXX_LANGUAGE_STANDARD = "gnu++14";
				CLANG_CXX_LIBRARY = "libc++";
				CLANG_ENABLE_MODULES = YES;
				CLANG_ENABLE_OBJC_ARC = YES;
				CLANG_ENABLE_OBJC_WEAK = YES;
				CLANG_WARN_BLOCK_CAPTURE_AUTORELEASING = YES;
				CLANG_WARN_BOOL_CONVERSION = YES;
				CLANG_WARN_COMMA = YES;
				CLANG_WARN_CONSTANT_CONVERSION = YES;
				CLANG_WARN_DEPRECATED_OBJC_IMPLEMENTATIONS = YES;
				CLANG_WARN_DIRECT_OBJC_ISA_USAGE = YES_ERROR;
				CLANG_WARN_DOCUMENTATION_COMMENTS = YES;
				CLANG_WARN_EMPTY_BODY = YES;
				CLANG_WARN_ENUM_CONVERSION = YES;
				CLANG_WARN_INFINITE_RECURSION = YES;
				CLANG_WARN_INT_CONVERSION = YES;
				CLANG_WARN_NON_LITERAL_NULL_CONVERSION = YES;
				CLANG_WARN_OBJC_IMPLICIT_RETAIN_SELF = YES;
				CLANG_WARN_OBJC_LITERAL_CONVERSION = YES;
				CLANG_WARN_OBJC_ROOT_CLASS = YES_ERROR;
				CLANG_WARN_QUOTED_INCLUDE_IN_FRAMEWORK_HEADER = YES;
				CLANG_WARN_RANGE_LOOP_ANALYSIS = YES;
				CLANG_WARN_STRICT_PROTOTYPES = YES;
				CLANG_WARN_SUSPICIOUS_MOVE = YES;
				CLANG_WARN_UNGUARDED_AVAILABILITY = YES_AGGRESSIVE;
				CLANG_WARN_UNREACHABLE_CODE = YES;
				CLANG_WARN__DUPLICATE_METHOD_MATCH = YES;
				COPY_PHASE_STRIP = NO;
				DEBUG_INFORMATION_FORMAT = dwarf;
				ENABLE_STRICT_OBJC_MSGSEND = YES;
				ENABLE_TESTABILITY = YES;
				GCC_C_LANGUAGE_STANDARD = gnu11;
				GCC_DYNAMIC_NO_PIC = NO;
				GCC_NO_COMMON_BLOCKS = YES;
				GCC_OPTIMIZATION_LEVEL = 0;
				GCC_PREPROCESSOR_DEFINITIONS = (
					"DEBUG=1",
					"$(inherited)",
				);
				GCC_WARN_64_TO_32_BIT_CONVERSION = YES;
				GCC_WARN_ABOUT_RETURN_TYPE = YES_ERROR;
				GCC_WARN_UNDECLARED_SELECTOR = YES;
				GCC_WARN_UNINITIALIZED_AUTOS = YES_AGGRESSIVE;
				GCC_WARN_UNUSED_FUNCTION = YES;
				GCC_WARN_UNUSED_VARIABLE = YES;
				IPHONEOS_DEPLOYMENT_TARGET = 14.5;
				MTL_ENABLE_DEBUG_INFO = INCLUDE_SOURCE;
				MTL_FAST_MATH = YES;
				ONLY_ACTIVE_ARCH = YES;
				SDKROOT = iphoneos;
				SWIFT_ACTIVE_COMPILATION_CONDITIONS = DEBUG;
				SWIFT_OPTIMIZATION_LEVEL = "-Onone";
			};
			name = Debug;
		};
		28A5B0F226A690CF00068892 /* Release */ = {
			isa = XCBuildConfiguration;
			buildSettings = {
				ALWAYS_SEARCH_USER_PATHS = NO;
				CLANG_ANALYZER_NONNULL = YES;
				CLANG_ANALYZER_NUMBER_OBJECT_CONVERSION = YES_AGGRESSIVE;
				CLANG_CXX_LANGUAGE_STANDARD = "gnu++14";
				CLANG_CXX_LIBRARY = "libc++";
				CLANG_ENABLE_MODULES = YES;
				CLANG_ENABLE_OBJC_ARC = YES;
				CLANG_ENABLE_OBJC_WEAK = YES;
				CLANG_WARN_BLOCK_CAPTURE_AUTORELEASING = YES;
				CLANG_WARN_BOOL_CONVERSION = YES;
				CLANG_WARN_COMMA = YES;
				CLANG_WARN_CONSTANT_CONVERSION = YES;
				CLANG_WARN_DEPRECATED_OBJC_IMPLEMENTATIONS = YES;
				CLANG_WARN_DIRECT_OBJC_ISA_USAGE = YES_ERROR;
				CLANG_WARN_DOCUMENTATION_COMMENTS = YES;
				CLANG_WARN_EMPTY_BODY = YES;
				CLANG_WARN_ENUM_CONVERSION = YES;
				CLANG_WARN_INFINITE_RECURSION = YES;
				CLANG_WARN_INT_CONVERSION = YES;
				CLANG_WARN_NON_LITERAL_NULL_CONVERSION = YES;
				CLANG_WARN_OBJC_IMPLICIT_RETAIN_SELF = YES;
				CLANG_WARN_OBJC_LITERAL_CONVERSION = YES;
				CLANG_WARN_OBJC_ROOT_CLASS = YES_ERROR;
				CLANG_WARN_QUOTED_INCLUDE_IN_FRAMEWORK_HEADER = YES;
				CLANG_WARN_RANGE_LOOP_ANALYSIS = YES;
				CLANG_WARN_STRICT_PROTOTYPES = YES;
				CLANG_WARN_SUSPICIOUS_MOVE = YES;
				CLANG_WARN_UNGUARDED_AVAILABILITY = YES_AGGRESSIVE;
				CLANG_WARN_UNREACHABLE_CODE = YES;
				CLANG_WARN__DUPLICATE_METHOD_MATCH = YES;
				COPY_PHASE_STRIP = NO;
				DEBUG_INFORMATION_FORMAT = "dwarf-with-dsym";
				ENABLE_NS_ASSERTIONS = NO;
				ENABLE_STRICT_OBJC_MSGSEND = YES;
				GCC_C_LANGUAGE_STANDARD = gnu11;
				GCC_NO_COMMON_BLOCKS = YES;
				GCC_WARN_64_TO_32_BIT_CONVERSION = YES;
				GCC_WARN_ABOUT_RETURN_TYPE = YES_ERROR;
				GCC_WARN_UNDECLARED_SELECTOR = YES;
				GCC_WARN_UNINITIALIZED_AUTOS = YES_AGGRESSIVE;
				GCC_WARN_UNUSED_FUNCTION = YES;
				GCC_WARN_UNUSED_VARIABLE = YES;
				IPHONEOS_DEPLOYMENT_TARGET = 14.5;
				MTL_ENABLE_DEBUG_INFO = NO;
				MTL_FAST_MATH = YES;
				SDKROOT = iphoneos;
				SWIFT_COMPILATION_MODE = wholemodule;
				SWIFT_OPTIMIZATION_LEVEL = "-O";
				VALIDATE_PRODUCT = YES;
			};
			name = Release;
		};
		28A5B0F426A690CF00068892 /* Debug */ = {
			isa = XCBuildConfiguration;
			buildSettings = {
				ASSETCATALOG_COMPILER_APPICON_NAME = AppIcon;
				CODE_SIGN_STYLE = Automatic;
				DEVELOPMENT_TEAM = HD5QFP6NH3;
				INFOPLIST_FILE = Git_July/Info.plist;
				IPHONEOS_DEPLOYMENT_TARGET = 13.6;
				LD_RUNPATH_SEARCH_PATHS = (
					"$(inherited)",
					"@executable_path/Frameworks",
				);
				PRODUCT_BUNDLE_IDENTIFIER = "abdusalom-Hojiev.Git-July";
				PRODUCT_NAME = "$(TARGET_NAME)";
				SWIFT_VERSION = 5.0;
				TARGETED_DEVICE_FAMILY = 1;
			};
			name = Debug;
		};
		28A5B0F526A690CF00068892 /* Release */ = {
			isa = XCBuildConfiguration;
			buildSettings = {
				ASSETCATALOG_COMPILER_APPICON_NAME = AppIcon;
				CODE_SIGN_STYLE = Automatic;
				DEVELOPMENT_TEAM = HD5QFP6NH3;
				INFOPLIST_FILE = Git_July/Info.plist;
				IPHONEOS_DEPLOYMENT_TARGET = 13.6;
				LD_RUNPATH_SEARCH_PATHS = (
					"$(inherited)",
					"@executable_path/Frameworks",
				);
				PRODUCT_BUNDLE_IDENTIFIER = "abdusalom-Hojiev.Git-July";
				PRODUCT_NAME = "$(TARGET_NAME)";
				SWIFT_VERSION = 5.0;
				TARGETED_DEVICE_FAMILY = 1;
			};
			name = Release;
		};
/* End XCBuildConfiguration section */

/* Begin XCConfigurationList section */
		28A5B0DA26A690CC00068892 /* Build configuration list for PBXProject "Git_July" */ = {
			isa = XCConfigurationList;
			buildConfigurations = (
				28A5B0F126A690CF00068892 /* Debug */,
				28A5B0F226A690CF00068892 /* Release */,
			);
			defaultConfigurationIsVisible = 0;
			defaultConfigurationName = Release;
		};
		28A5B0F326A690CF00068892 /* Build configuration list for PBXNativeTarget "Git_July" */ = {
			isa = XCConfigurationList;
			buildConfigurations = (
				28A5B0F426A690CF00068892 /* Debug */,
				28A5B0F526A690CF00068892 /* Release */,
			);
			defaultConfigurationIsVisible = 0;
			defaultConfigurationName = Release;
		};
/* End XCConfigurationList section */
	};
	rootObject = 28A5B0D726A690CC00068892 /* Project object */;
}
